
Microsoft Visual Studio Solution File, Format Version 12.00
# Visual Studio Version 17
VisualStudioVersion = 17.11.35327.3
MinimumVisualStudioVersion = 10.0.40219.1
Project("{FAE04EC0-301F-11D3-BF4B-00C04F79EFBC}") = "Filter004Form", "Filter004Form\Filter004Form.csproj", "{6BF6A8C8-F822-48E7-8F69-B2C4C21D8C89}"
EndProject
Global
	GlobalSection(SolutionConfigurationPlatforms) = preSolution
		Debug|Any CPU = Debug|Any CPU
		Release|Any CPU = Release|Any CPU
	EndGlobalSection
	GlobalSection(ProjectConfigurationPlatforms) = postSolution
		{6BF6A8C8-F822-48E7-8F69-B2C4C21D8C89}.Debug|Any CPU.ActiveCfg = Debug|Any CPU
		{6BF6A8C8-F822-48E7-8F69-B2C4C21D8C89}.Debug|Any CPU.Build.0 = Debug|Any CPU
		{6BF6A8C8-F822-48E7-8F69-B2C4C21D8C89}.Release|Any CPU.ActiveCfg = Release|Any CPU
		{6BF6A8C8-F822-48E7-8F69-B2C4C21D8C89}.Release|Any CPU.Build.0 = Release|Any CPU
	EndGlobalSection
	GlobalSection(SolutionProperties) = preSolution
		HideSolutionNode = FALSE
	EndGlobalSection
	GlobalSection(ExtensibilityGlobals) = postSolution
		SolutionGuid = {BC413B3F-7709-426F-BB1A-00704EE15D48}
	EndGlobalSection
EndGlobal
